
Microsoft Visual Studio Solution File, Format Version 12.00
# Visual Studio Version 17
VisualStudioVersion = 17.6.33815.320
MinimumVisualStudioVersion = 10.0.40219.1
Project("{FAE04EC0-301F-11D3-BF4B-00C04F79EFBC}") = "WPF_Value_Coverters_View", "WPF_Value_Coverters_View\WPF_Value_Coverters_View.csproj", "{0FCF2CBF-3472-4D78-9439-8DE2D0D874B9}"
EndProject
Global
	GlobalSection(SolutionConfigurationPlatforms) = preSolution
		Debug|Any CPU = Debug|Any CPU
		Release|Any CPU = Release|Any CPU
	EndGlobalSection
	GlobalSection(ProjectConfigurationPlatforms) = postSolution
		{0FCF2CBF-3472-4D78-9439-8DE2D0D874B9}.Debug|Any CPU.ActiveCfg = Debug|Any CPU
		{0FCF2CBF-3472-4D78-9439-8DE2D0D874B9}.Debug|Any CPU.Build.0 = Debug|Any CPU
		{0FCF2CBF-3472-4D78-9439-8DE2D0D874B9}.Release|Any CPU.ActiveCfg = Release|Any CPU
		{0FCF2CBF-3472-4D78-9439-8DE2D0D874B9}.Release|Any CPU.Build.0 = Release|Any CPU
	EndGlobalSection
	GlobalSection(SolutionProperties) = preSolution
		HideSolutionNode = FALSE
	EndGlobalSection
	GlobalSection(ExtensibilityGlobals) = postSolution
		SolutionGuid = {82C5BBAB-91BF-4993-801C-2D006B27C869}
	EndGlobalSection
EndGlobal
